# This file is automatically @generated by Cargo.
# It is not intended for manual editing.
version = 3

[[package]]
name = "griffel_experiments"
version = "0.1.0"
dependencies = [
 "murmur2",
]

[[package]]
name = "murmur2"
version = "0.1.0"
source = "registry+https://github.com/rust-lang/crates.io-index"
checksum = "fb585ade2549a017db2e35978b77c319214fa4b37cede841e27954dd6e8f3ca8"
